
Microsoft Visual Studio Solution File, Format Version 12.00
# Visual Studio Version 17
VisualStudioVersion = 17.3.32901.215
MinimumVisualStudioVersion = 10.0.40219.1
Project("{2150E333-8FDC-42A3-9474-1A3956D46DE8}") = "Microservices", "Microservices", "{0E9F23FF-1817-4684-9535-EFE7F0424C6F}"
EndProject
Project("{9A19103F-16F7-4668-BE54-9A1E7A4F7556}") = "Product_Microservice", "Product_Microservice\Product_Microservice.csproj", "{2CA0B7CD-E133-43A4-B270-3CFCF0EC4661}"
EndProject
Project("{9A19103F-16F7-4668-BE54-9A1E7A4F7556}") = "Customer_Microservice", "Customer_Microservice\Customer_Microservice.csproj", "{BC9A665C-2D06-4C82-935A-C7EF2FAB09D0}"
EndProject
Project("{FAE04EC0-301F-11D3-BF4B-00C04F79EFBC}") = "ApiGateway", "ApiGateway\ApiGateway.csproj", "{F5417630-8DF9-4847-AC45-4DEBABA5A34D}"
EndProject
Global
	GlobalSection(SolutionConfigurationPlatforms) = preSolution
		Debug|Any CPU = Debug|Any CPU
		Release|Any CPU = Release|Any CPU
	EndGlobalSection
	GlobalSection(ProjectConfigurationPlatforms) = postSolution
		{2CA0B7CD-E133-43A4-B270-3CFCF0EC4661}.Debug|Any CPU.ActiveCfg = Debug|Any CPU
		{2CA0B7CD-E133-43A4-B270-3CFCF0EC4661}.Debug|Any CPU.Build.0 = Debug|Any CPU
		{2CA0B7CD-E133-43A4-B270-3CFCF0EC4661}.Release|Any CPU.ActiveCfg = Release|Any CPU
		{2CA0B7CD-E133-43A4-B270-3CFCF0EC4661}.Release|Any CPU.Build.0 = Release|Any CPU
		{BC9A665C-2D06-4C82-935A-C7EF2FAB09D0}.Debug|Any CPU.ActiveCfg = Debug|Any CPU
		{BC9A665C-2D06-4C82-935A-C7EF2FAB09D0}.Debug|Any CPU.Build.0 = Debug|Any CPU
		{BC9A665C-2D06-4C82-935A-C7EF2FAB09D0}.Release|Any CPU.ActiveCfg = Release|Any CPU
		{BC9A665C-2D06-4C82-935A-C7EF2FAB09D0}.Release|Any CPU.Build.0 = Release|Any CPU
		{F5417630-8DF9-4847-AC45-4DEBABA5A34D}.Debug|Any CPU.ActiveCfg = Debug|Any CPU
		{F5417630-8DF9-4847-AC45-4DEBABA5A34D}.Debug|Any CPU.Build.0 = Debug|Any CPU
		{F5417630-8DF9-4847-AC45-4DEBABA5A34D}.Release|Any CPU.ActiveCfg = Release|Any CPU
		{F5417630-8DF9-4847-AC45-4DEBABA5A34D}.Release|Any CPU.Build.0 = Release|Any CPU
	EndGlobalSection
	GlobalSection(SolutionProperties) = preSolution
		HideSolutionNode = FALSE
	EndGlobalSection
	GlobalSection(NestedProjects) = preSolution
		{2CA0B7CD-E133-43A4-B270-3CFCF0EC4661} = {0E9F23FF-1817-4684-9535-EFE7F0424C6F}
		{BC9A665C-2D06-4C82-935A-C7EF2FAB09D0} = {0E9F23FF-1817-4684-9535-EFE7F0424C6F}
	EndGlobalSection
	GlobalSection(ExtensibilityGlobals) = postSolution
		SolutionGuid = {D928DE67-EFEA-4283-A5C5-FD64C5FB132E}
	EndGlobalSection
EndGlobal
